// !$*UTF8*$!
{
	archiveVersion = 1;
	classes = {
	};
	objectVersion = 45;
	objects = {

/* Begin PBXBuildFile section */
		8D11072F0486CEB800E47090 /* Cocoa.framework in Frameworks */ = {isa = PBXBuildFile; fileRef = 1058C7A1FEA54F0111CA2CBB /* Cocoa.framework */; };
		9424DA41101EC2AB00E5B4BA /* SDL.framework in Frameworks */ = {isa = PBXBuildFile; fileRef = 9424D9EF101EC2AB00E5B4BA /* SDL.framework */; };
		9424DA42101EC2AB00E5B4BA /* SDL_gfx.framework in Frameworks */ = {isa = PBXBuildFile; fileRef = 9424D9F0101EC2AB00E5B4BA /* SDL_gfx.framework */; };
		9424DA43101EC2AB00E5B4BA /* SDL_image.framework in Frameworks */ = {isa = PBXBuildFile; fileRef = 9424D9F1101EC2AB00E5B4BA /* SDL_image.framework */; };
		9424DA44101EC2AB00E5B4BA /* SDL_mixer.framework in Frameworks */ = {isa = PBXBuildFile; fileRef = 9424D9F2101EC2AB00E5B4BA /* SDL_mixer.framework */; };
		9424DA45101EC2AB00E5B4BA /* SDL_ttf.framework in Frameworks */ = {isa = PBXBuildFile; fileRef = 9424D9F3101EC2AB00E5B4BA /* SDL_ttf.framework */; };
		9424DA59101EC2AB00E5B4BA /* SGSDK.framework in Frameworks */ = {isa = PBXBuildFile; fileRef = 9424DA1A101EC2AB00E5B4BA /* SGSDK.framework */; };
		9424DA67101EC2FE00E5B4BA /* SGSDK.framework in Copy Frameworks */ = {isa = PBXBuildFile; fileRef = 9424DA1A101EC2AB00E5B4BA /* SGSDK.framework */; };
		9424DA68101EC2FE00E5B4BA /* SDL_gfx.framework in Copy Frameworks */ = {isa = PBXBuildFile; fileRef = 9424D9F0101EC2AB00E5B4BA /* SDL_gfx.framework */; };
		9424DA69101EC2FE00E5B4BA /* SDL.framework in Copy Frameworks */ = {isa = PBXBuildFile; fileRef = 9424D9EF101EC2AB00E5B4BA /* SDL.framework */; };
		9424DA6A101EC2FE00E5B4BA /* SDL_image.framework in Copy Frameworks */ = {isa = PBXBuildFile; fileRef = 9424D9F1101EC2AB00E5B4BA /* SDL_image.framework */; };
		9424DA6B101EC2FE00E5B4BA /* SDL_mixer.framework in Copy Frameworks */ = {isa = PBXBuildFile; fileRef = 9424D9F2101EC2AB00E5B4BA /* SDL_mixer.framework */; };
		9424DA6C101EC2FE00E5B4BA /* SDL_ttf.framework in Copy Frameworks */ = {isa = PBXBuildFile; fileRef = 9424D9F3101EC2AB00E5B4BA /* SDL_ttf.framework */; };
		9424DA6F101EC34F00E5B4BA /* Foundation.framework in Frameworks */ = {isa = PBXBuildFile; fileRef = 29B97325FDCFA39411CA2CEA /* Foundation.framework */; };
		94F1F568101EC46F006F3D32 /* main.m in Sources */ = {isa = PBXBuildFile; fileRef = 94F1F567101EC46F006F3D32 /* main.m */; };
		94FA05FA1325CEAE0066F30C /* libpng.framework in Frameworks */ = {isa = PBXBuildFile; fileRef = 94FA05F91325CEAE0066F30C /* libpng.framework */; };
		94FA06811325CEDF0066F30C /* libpng.framework in Copy Frameworks */ = {isa = PBXBuildFile; fileRef = 94FA05F91325CEAE0066F30C /* libpng.framework */; };
		94FA07951325CFA20066F30C /* Animations.c in Sources */ = {isa = PBXBuildFile; fileRef = 94FA07281325CFA10066F30C /* Animations.c */; };
		94FA07961325CFA20066F30C /* Audio.c in Sources */ = {isa = PBXBuildFile; fileRef = 94FA072A1325CFA10066F30C /* Audio.c */; };
		94FA07971325CFA20066F30C /* Camera.c in Sources */ = {isa = PBXBuildFile; fileRef = 94FA072C1325CFA10066F30C /* Camera.c */; };
		94FA07981325CFA20066F30C /* Characters.c in Sources */ = {isa = PBXBuildFile; fileRef = 94FA072E1325CFA10066F30C /* Characters.c */; };
		94FA07991325CFA20066F30C /* Colors.c in Sources */ = {isa = PBXBuildFile; fileRef = 94FA07301325CFA10066F30C /* Colors.c */; };
		94FA079A1325CFA20066F30C /* Geometry.c in Sources */ = {isa = PBXBuildFile; fileRef = 94FA07321325CFA10066F30C /* Geometry.c */; };
		94FA079B1325CFA20066F30C /* Graphics.c in Sources */ = {isa = PBXBuildFile; fileRef = 94FA07341325CFA20066F30C /* Graphics.c */; };
		94FA079C1325CFA20066F30C /* Images.c in Sources */ = {isa = PBXBuildFile; fileRef = 94FA07361325CFA20066F30C /* Images.c */; };
		94FA079D1325CFA20066F30C /* Input.c in Sources */ = {isa = PBXBuildFile; fileRef = 94FA07381325CFA20066F30C /* Input.c */; };
		94FA079E1325CFA20066F30C /* Physics.c in Sources */ = {isa = PBXBuildFile; fileRef = 94FA073A1325CFA20066F30C /* Physics.c */; };
		94FA079F1325CFA20066F30C /* PointerManager.m in Sources */ = {isa = PBXBuildFile; fileRef = 94FA073D1325CFA20066F30C /* PointerManager.m */; };
		94FA07A01325CFA20066F30C /* Resources.c in Sources */ = {isa = PBXBuildFile; fileRef = 94FA073E1325CFA20066F30C /* Resources.c */; };
		94FA07A11325CFA20066F30C /* SGAnimation.m in Sources */ = {isa = PBXBuildFile; fileRef = 94FA07411325CFA20066F30C /* SGAnimation.m */; };
		94FA07A21325CFA20066F30C /* SGAnimations.m in Sources */ = {isa = PBXBuildFile; fileRef = 94FA07431325CFA20066F30C /* SGAnimations.m */; };
		94FA07A31325CFA20066F30C /* SGAnimationScript.m in Sources */ = {isa = PBXBuildFile; fileRef = 94FA07451325CFA20066F30C /* SGAnimationScript.m */; };
		94FA07A41325CFA20066F30C /* SGAudio.m in Sources */ = {isa = PBXBuildFile; fileRef = 94FA07471325CFA20066F30C /* SGAudio.m */; };
		94FA07A51325CFA20066F30C /* SGBitmap.m in Sources */ = {isa = PBXBuildFile; fileRef = 94FA07491325CFA20066F30C /* SGBitmap.m */; };
		94FA07A61325CFA20066F30C /* SGBitmapCell.m in Sources */ = {isa = PBXBuildFile; fileRef = 94FA074B1325CFA20066F30C /* SGBitmapCell.m */; };
		94FA07A71325CFA20066F30C /* SGCamera.m in Sources */ = {isa = PBXBuildFile; fileRef = 94FA074D1325CFA20066F30C /* SGCamera.m */; };
		94FA07A81325CFA20066F30C /* SGCharacter.m in Sources */ = {isa = PBXBuildFile; fileRef = 94FA074F1325CFA20066F30C /* SGCharacter.m */; };
		94FA07A91325CFA20066F30C /* SGCharacters.m in Sources */ = {isa = PBXBuildFile; fileRef = 94FA07511325CFA20066F30C /* SGCharacters.m */; };
		94FA07AA1325CFA20066F30C /* SGCircle.m in Sources */ = {isa = PBXBuildFile; fileRef = 94FA07531325CFA20066F30C /* SGCircle.m */; };
		94FA07AB1325CFA20066F30C /* SGColors.m in Sources */ = {isa = PBXBuildFile; fileRef = 94FA07551325CFA20066F30C /* SGColors.m */; };
		94FA07AC1325CFA20066F30C /* SGDirectionAngles.m in Sources */ = {isa = PBXBuildFile; fileRef = 94FA07571325CFA20066F30C /* SGDirectionAngles.m */; };
		94FA07AD1325CFA20066F30C /* SGFont.m in Sources */ = {isa = PBXBuildFile; fileRef = 94FA07591325CFA20066F30C /* SGFont.m */; };
		94FA07AE1325CFA20066F30C /* SGGeometry.m in Sources */ = {isa = PBXBuildFile; fileRef = 94FA075B1325CFA20066F30C /* SGGeometry.m */; };
		94FA07AF1325CFA20066F30C /* SGGraphics.m in Sources */ = {isa = PBXBuildFile; fileRef = 94FA075D1325CFA20066F30C /* SGGraphics.m */; };
		94FA07B01325CFA20066F30C /* SGImages.m in Sources */ = {isa = PBXBuildFile; fileRef = 94FA075F1325CFA20066F30C /* SGImages.m */; };
		94FA07B11325CFA20066F30C /* SGInput.m in Sources */ = {isa = PBXBuildFile; fileRef = 94FA07611325CFA20066F30C /* SGInput.m */; };
		94FA07B21325CFA20066F30C /* SGLineSegment.m in Sources */ = {isa = PBXBuildFile; fileRef = 94FA07631325CFA20066F30C /* SGLineSegment.m */; };
		94FA07B31325CFA20066F30C /* SGMatrix2D.m in Sources */ = {isa = PBXBuildFile; fileRef = 94FA07651325CFA20066F30C /* SGMatrix2D.m */; };
		94FA07B41325CFA20066F30C /* SGMusic.m in Sources */ = {isa = PBXBuildFile; fileRef = 94FA07671325CFA20066F30C /* SGMusic.m */; };
		94FA07B51325CFA20066F30C /* SGObjcUtils.m in Sources */ = {isa = PBXBuildFile; fileRef = 94FA07691325CFA20066F30C /* SGObjcUtils.m */; };
		94FA07B61325CFA20066F30C /* SGPhysics.m in Sources */ = {isa = PBXBuildFile; fileRef = 94FA076B1325CFA20066F30C /* SGPhysics.m */; };
		94FA07B71325CFA20066F30C /* SGPoint2D.m in Sources */ = {isa = PBXBuildFile; fileRef = 94FA076D1325CFA20066F30C /* SGPoint2D.m */; };
		94FA07B81325CFA20066F30C /* SGRectangle.m in Sources */ = {isa = PBXBuildFile; fileRef = 94FA076F1325CFA20066F30C /* SGRectangle.m */; };
		94FA07B91325CFA20066F30C /* SGResources.m in Sources */ = {isa = PBXBuildFile; fileRef = 94FA07711325CFA20066F30C /* SGResources.m */; };
		94FA07BA1325CFA20066F30C /* SGSDK.c in Sources */ = {isa = PBXBuildFile; fileRef = 94FA07721325CFA20066F30C /* SGSDK.c */; };
		94FA07BD1325CFA20066F30C /* SGSoundEffect.m in Sources */ = {isa = PBXBuildFile; fileRef = 94FA07791325CFA20066F30C /* SGSoundEffect.m */; };
		94FA07BE1325CFA20066F30C /* SGSprite.m in Sources */ = {isa = PBXBuildFile; fileRef = 94FA077B1325CFA20066F30C /* SGSprite.m */; };
		94FA07BF1325CFA20066F30C /* SGSprites.m in Sources */ = {isa = PBXBuildFile; fileRef = 94FA077D1325CFA20066F30C /* SGSprites.m */; };
		94FA07C01325CFA20066F30C /* SGText.m in Sources */ = {isa = PBXBuildFile; fileRef = 94FA077F1325CFA20066F30C /* SGText.m */; };
		94FA07C11325CFA20066F30C /* SGTimer.m in Sources */ = {isa = PBXBuildFile; fileRef = 94FA07811325CFA20066F30C /* SGTimer.m */; };
		94FA07C21325CFA20066F30C /* SGTimers.m in Sources */ = {isa = PBXBuildFile; fileRef = 94FA07831325CFA20066F30C /* SGTimers.m */; };
		94FA07C31325CFA20066F30C /* SGTriangle.m in Sources */ = {isa = PBXBuildFile; fileRef = 94FA07851325CFA20066F30C /* SGTriangle.m */; };
		94FA07C41325CFA20066F30C /* SGUtils.m in Sources */ = {isa = PBXBuildFile; fileRef = 94FA07881325CFA20066F30C /* SGUtils.m */; };
		94FA07C51325CFA20066F30C /* SGVector.m in Sources */ = {isa = PBXBuildFile; fileRef = 94FA078A1325CFA20066F30C /* SGVector.m */; };
		94FA07C61325CFA20066F30C /* Sprites.c in Sources */ = {isa = PBXBuildFile; fileRef = 94FA078B1325CFA20066F30C /* Sprites.c */; };
		94FA07C71325CFA20066F30C /* Text.c in Sources */ = {isa = PBXBuildFile; fileRef = 94FA078E1325CFA20066F30C /* Text.c */; };
		94FA07C81325CFA20066F30C /* Timers.c in Sources */ = {isa = PBXBuildFile; fileRef = 94FA07901325CFA20066F30C /* Timers.c */; };
		94FA07C91325CFA20066F30C /* Utils.c in Sources */ = {isa = PBXBuildFile; fileRef = 94FA07931325CFA20066F30C /* Utils.c */; };
		B023586F13EE679E005F7D9B /* Face.m in Sources */ = {isa = PBXBuildFile; fileRef = B023586E13EE679E005F7D9B /* Face.m */; };
		B0BA538913DE53BF00582BCF /* Shapes.m in Sources */ = {isa = PBXBuildFile; fileRef = B0BA538813DE53BF00582BCF /* Shapes.m */; };
		B0E6C7B213F14676002415D0 /* Myshape.m in Sources */ = {isa = PBXBuildFile; fileRef = B0E6C7B113F14676002415D0 /* Myshape.m */; };
/* End PBXBuildFile section */

/* Begin PBXCopyFilesBuildPhase section */
		9424DA6E101EC33A00E5B4BA /* Copy Frameworks */ = {
			isa = PBXCopyFilesBuildPhase;
			buildActionMask = 2147483647;
			dstPath = "";
			dstSubfolderSpec = 10;
			files = (
				94FA06811325CEDF0066F30C /* libpng.framework in Copy Frameworks */,
				9424DA67101EC2FE00E5B4BA /* SGSDK.framework in Copy Frameworks */,
				9424DA68101EC2FE00E5B4BA /* SDL_gfx.framework in Copy Frameworks */,
				9424DA69101EC2FE00E5B4BA /* SDL.framework in Copy Frameworks */,
				9424DA6A101EC2FE00E5B4BA /* SDL_image.framework in Copy Frameworks */,
				9424DA6B101EC2FE00E5B4BA /* SDL_mixer.framework in Copy Frameworks */,
				9424DA6C101EC2FE00E5B4BA /* SDL_ttf.framework in Copy Frameworks */,
			);
			name = "Copy Frameworks";
			runOnlyForDeploymentPostprocessing = 0;
		};
/* End PBXCopyFilesBuildPhase section */

/* Begin PBXFileReference section */
		1058C7A1FEA54F0111CA2CBB /* Cocoa.framework */ = {isa = PBXFileReference; lastKnownFileType = wrapper.framework; name = Cocoa.framework; path = /System/Library/Frameworks/Cocoa.framework; sourceTree = "<absolute>"; };
		29B97325FDCFA39411CA2CEA /* Foundation.framework */ = {isa = PBXFileReference; lastKnownFileType = wrapper.framework; name = Foundation.framework; path = /System/Library/Frameworks/Foundation.framework; sourceTree = "<absolute>"; };
		8D1107320486CEB800E47090 /* MyGame.app */ = {isa = PBXFileReference; explicitFileType = wrapper.application; includeInIndex = 0; path = MyGame.app; sourceTree = BUILT_PRODUCTS_DIR; };
		9424D9EF101EC2AB00E5B4BA /* SDL.framework */ = {isa = PBXFileReference; lastKnownFileType = wrapper.framework; name = SDL.framework; path = lib/SDL.framework; sourceTree = "<group>"; };
		9424D9F0101EC2AB00E5B4BA /* SDL_gfx.framework */ = {isa = PBXFileReference; lastKnownFileType = wrapper.framework; name = SDL_gfx.framework; path = lib/SDL_gfx.framework; sourceTree = "<group>"; };
		9424D9F1101EC2AB00E5B4BA /* SDL_image.framework */ = {isa = PBXFileReference; lastKnownFileType = wrapper.framework; name = SDL_image.framework; path = lib/SDL_image.framework; sourceTree = "<group>"; };
		9424D9F2101EC2AB00E5B4BA /* SDL_mixer.framework */ = {isa = PBXFileReference; lastKnownFileType = wrapper.framework; name = SDL_mixer.framework; path = lib/SDL_mixer.framework; sourceTree = "<group>"; };
		9424D9F3101EC2AB00E5B4BA /* SDL_ttf.framework */ = {isa = PBXFileReference; lastKnownFileType = wrapper.framework; name = SDL_ttf.framework; path = lib/SDL_ttf.framework; sourceTree = "<group>"; };
		9424DA1A101EC2AB00E5B4BA /* SGSDK.framework */ = {isa = PBXFileReference; lastKnownFileType = wrapper.framework; name = SGSDK.framework; path = lib/SGSDK.framework; sourceTree = "<group>"; };
		94F1F567101EC46F006F3D32 /* main.m */ = {isa = PBXFileReference; fileEncoding = 4; lastKnownFileType = sourcecode.c.objc; name = main.m; path = src/main.m; sourceTree = "<group>"; };
		94FA05F91325CEAE0066F30C /* libpng.framework */ = {isa = PBXFileReference; lastKnownFileType = wrapper.framework; name = libpng.framework; path = lib/libpng.framework; sourceTree = "<group>"; };
		94FA07281325CFA10066F30C /* Animations.c */ = {isa = PBXFileReference; fileEncoding = 4; lastKnownFileType = sourcecode.c.c; name = Animations.c; path = lib/Animations.c; sourceTree = "<group>"; };
		94FA07291325CFA10066F30C /* Animations.h */ = {isa = PBXFileReference; fileEncoding = 4; lastKnownFileType = sourcecode.c.h; name = Animations.h; path = lib/Animations.h; sourceTree = "<group>"; };
		94FA072A1325CFA10066F30C /* Audio.c */ = {isa = PBXFileReference; fileEncoding = 4; lastKnownFileType = sourcecode.c.c; name = Audio.c; path = lib/Audio.c; sourceTree = "<group>"; };
		94FA072B1325CFA10066F30C /* Audio.h */ = {isa = PBXFileReference; fileEncoding = 4; lastKnownFileType = sourcecode.c.h; name = Audio.h; path = lib/Audio.h; sourceTree = "<group>"; };
		94FA072C1325CFA10066F30C /* Camera.c */ = {isa = PBXFileReference; fileEncoding = 4; lastKnownFileType = sourcecode.c.c; name = Camera.c; path = lib/Camera.c; sourceTree = "<group>"; };
		94FA072D1325CFA10066F30C /* Camera.h */ = {isa = PBXFileReference; fileEncoding = 4; lastKnownFileType = sourcecode.c.h; name = Camera.h; path = lib/Camera.h; sourceTree = "<group>"; };
		94FA072E1325CFA10066F30C /* Characters.c */ = {isa = PBXFileReference; fileEncoding = 4; lastKnownFileType = sourcecode.c.c; name = Characters.c; path = lib/Characters.c; sourceTree = "<group>"; };
		94FA072F1325CFA10066F30C /* Characters.h */ = {isa = PBXFileReference; fileEncoding = 4; lastKnownFileType = sourcecode.c.h; name = Characters.h; path = lib/Characters.h; sourceTree = "<group>"; };
		94FA07301325CFA10066F30C /* Colors.c */ = {isa = PBXFileReference; fileEncoding = 4; lastKnownFileType = sourcecode.c.c; name = Colors.c; path = lib/Colors.c; sourceTree = "<group>"; };
		94FA07311325CFA10066F30C /* Colors.h */ = {isa = PBXFileReference; fileEncoding = 4; lastKnownFileType = sourcecode.c.h; name = Colors.h; path = lib/Colors.h; sourceTree = "<group>"; };
		94FA07321325CFA10066F30C /* Geometry.c */ = {isa = PBXFileReference; fileEncoding = 4; lastKnownFileType = sourcecode.c.c; name = Geometry.c; path = lib/Geometry.c; sourceTree = "<group>"; };
		94FA07331325CFA20066F30C /* Geometry.h */ = {isa = PBXFileReference; fileEncoding = 4; lastKnownFileType = sourcecode.c.h; name = Geometry.h; path = lib/Geometry.h; sourceTree = "<group>"; };
		94FA07341325CFA20066F30C /* Graphics.c */ = {isa = PBXFileReference; fileEncoding = 4; lastKnownFileType = sourcecode.c.c; name = Graphics.c; path = lib/Graphics.c; sourceTree = "<group>"; };
		94FA07351325CFA20066F30C /* Graphics.h */ = {isa = PBXFileReference; fileEncoding = 4; lastKnownFileType = sourcecode.c.h; name = Graphics.h; path = lib/Graphics.h; sourceTree = "<group>"; };
		94FA07361325CFA20066F30C /* Images.c */ = {isa = PBXFileReference; fileEncoding = 4; lastKnownFileType = sourcecode.c.c; name = Images.c; path = lib/Images.c; sourceTree = "<group>"; };
		94FA07371325CFA20066F30C /* Images.h */ = {isa = PBXFileReference; fileEncoding = 4; lastKnownFileType = sourcecode.c.h; name = Images.h; path = lib/Images.h; sourceTree = "<group>"; };
		94FA07381325CFA20066F30C /* Input.c */ = {isa = PBXFileReference; fileEncoding = 4; lastKnownFileType = sourcecode.c.c; name = Input.c; path = lib/Input.c; sourceTree = "<group>"; };
		94FA07391325CFA20066F30C /* Input.h */ = {isa = PBXFileReference; fileEncoding = 4; lastKnownFileType = sourcecode.c.h; name = Input.h; path = lib/Input.h; sourceTree = "<group>"; };
		94FA073A1325CFA20066F30C /* Physics.c */ = {isa = PBXFileReference; fileEncoding = 4; lastKnownFileType = sourcecode.c.c; name = Physics.c; path = lib/Physics.c; sourceTree = "<group>"; };
		94FA073B1325CFA20066F30C /* Physics.h */ = {isa = PBXFileReference; fileEncoding = 4; lastKnownFileType = sourcecode.c.h; name = Physics.h; path = lib/Physics.h; sourceTree = "<group>"; };
		94FA073C1325CFA20066F30C /* PointerManager.h */ = {isa = PBXFileReference; fileEncoding = 4; lastKnownFileType = sourcecode.c.h; name = PointerManager.h; path = lib/PointerManager.h; sourceTree = "<group>"; };
		94FA073D1325CFA20066F30C /* PointerManager.m */ = {isa = PBXFileReference; fileEncoding = 4; lastKnownFileType = sourcecode.c.objc; name = PointerManager.m; path = lib/PointerManager.m; sourceTree = "<group>"; };
		94FA073E1325CFA20066F30C /* Resources.c */ = {isa = PBXFileReference; fileEncoding = 4; lastKnownFileType = sourcecode.c.c; name = Resources.c; path = lib/Resources.c; sourceTree = "<group>"; };
		94FA073F1325CFA20066F30C /* Resources.h */ = {isa = PBXFileReference; fileEncoding = 4; lastKnownFileType = sourcecode.c.h; name = Resources.h; path = lib/Resources.h; sourceTree = "<group>"; };
		94FA07401325CFA20066F30C /* SGAnimation.h */ = {isa = PBXFileReference; fileEncoding = 4; lastKnownFileType = sourcecode.c.h; name = SGAnimation.h; path = lib/SGAnimation.h; sourceTree = "<group>"; };
		94FA07411325CFA20066F30C /* SGAnimation.m */ = {isa = PBXFileReference; fileEncoding = 4; lastKnownFileType = sourcecode.c.objc; name = SGAnimation.m; path = lib/SGAnimation.m; sourceTree = "<group>"; };
		94FA07421325CFA20066F30C /* SGAnimations.h */ = {isa = PBXFileReference; fileEncoding = 4; lastKnownFileType = sourcecode.c.h; name = SGAnimations.h; path = lib/SGAnimations.h; sourceTree = "<group>"; };
		94FA07431325CFA20066F30C /* SGAnimations.m */ = {isa = PBXFileReference; fileEncoding = 4; lastKnownFileType = sourcecode.c.objc; name = SGAnimations.m; path = lib/SGAnimations.m; sourceTree = "<group>"; };
		94FA07441325CFA20066F30C /* SGAnimationScript.h */ = {isa = PBXFileReference; fileEncoding = 4; lastKnownFileType = sourcecode.c.h; name = SGAnimationScript.h; path = lib/SGAnimationScript.h; sourceTree = "<group>"; };
		94FA07451325CFA20066F30C /* SGAnimationScript.m */ = {isa = PBXFileReference; fileEncoding = 4; lastKnownFileType = sourcecode.c.objc; name = SGAnimationScript.m; path = lib/SGAnimationScript.m; sourceTree = "<group>"; };
		94FA07461325CFA20066F30C /* SGAudio.h */ = {isa = PBXFileReference; fileEncoding = 4; lastKnownFileType = sourcecode.c.h; name = SGAudio.h; path = lib/SGAudio.h; sourceTree = "<group>"; };
		94FA07471325CFA20066F30C /* SGAudio.m */ = {isa = PBXFileReference; fileEncoding = 4; lastKnownFileType = sourcecode.c.objc; name = SGAudio.m; path = lib/SGAudio.m; sourceTree = "<group>"; };
		94FA07481325CFA20066F30C /* SGBitmap.h */ = {isa = PBXFileReference; fileEncoding = 4; lastKnownFileType = sourcecode.c.h; name = SGBitmap.h; path = lib/SGBitmap.h; sourceTree = "<group>"; };
		94FA07491325CFA20066F30C /* SGBitmap.m */ = {isa = PBXFileReference; fileEncoding = 4; lastKnownFileType = sourcecode.c.objc; name = SGBitmap.m; path = lib/SGBitmap.m; sourceTree = "<group>"; };
		94FA074A1325CFA20066F30C /* SGBitmapCell.h */ = {isa = PBXFileReference; fileEncoding = 4; lastKnownFileType = sourcecode.c.h; name = SGBitmapCell.h; path = lib/SGBitmapCell.h; sourceTree = "<group>"; };
		94FA074B1325CFA20066F30C /* SGBitmapCell.m */ = {isa = PBXFileReference; fileEncoding = 4; lastKnownFileType = sourcecode.c.objc; name = SGBitmapCell.m; path = lib/SGBitmapCell.m; sourceTree = "<group>"; };
		94FA074C1325CFA20066F30C /* SGCamera.h */ = {isa = PBXFileReference; fileEncoding = 4; lastKnownFileType = sourcecode.c.h; name = SGCamera.h; path = lib/SGCamera.h; sourceTree = "<group>"; };
		94FA074D1325CFA20066F30C /* SGCamera.m */ = {isa = PBXFileReference; fileEncoding = 4; lastKnownFileType = sourcecode.c.objc; name = SGCamera.m; path = lib/SGCamera.m; sourceTree = "<group>"; };
		94FA074E1325CFA20066F30C /* SGCharacter.h */ = {isa = PBXFileReference; fileEncoding = 4; lastKnownFileType = sourcecode.c.h; name = SGCharacter.h; path = lib/SGCharacter.h; sourceTree = "<group>"; };
		94FA074F1325CFA20066F30C /* SGCharacter.m */ = {isa = PBXFileReference; fileEncoding = 4; lastKnownFileType = sourcecode.c.objc; name = SGCharacter.m; path = lib/SGCharacter.m; sourceTree = "<group>"; };
		94FA07501325CFA20066F30C /* SGCharacters.h */ = {isa = PBXFileReference; fileEncoding = 4; lastKnownFileType = sourcecode.c.h; name = SGCharacters.h; path = lib/SGCharacters.h; sourceTree = "<group>"; };
		94FA07511325CFA20066F30C /* SGCharacters.m */ = {isa = PBXFileReference; fileEncoding = 4; lastKnownFileType = sourcecode.c.objc; name = SGCharacters.m; path = lib/SGCharacters.m; sourceTree = "<group>"; };
		94FA07521325CFA20066F30C /* SGCircle.h */ = {isa = PBXFileReference; fileEncoding = 4; lastKnownFileType = sourcecode.c.h; name = SGCircle.h; path = lib/SGCircle.h; sourceTree = "<group>"; };
		94FA07531325CFA20066F30C /* SGCircle.m */ = {isa = PBXFileReference; fileEncoding = 4; lastKnownFileType = sourcecode.c.objc; name = SGCircle.m; path = lib/SGCircle.m; sourceTree = "<group>"; };
		94FA07541325CFA20066F30C /* SGColors.h */ = {isa = PBXFileReference; fileEncoding = 4; lastKnownFileType = sourcecode.c.h; name = SGColors.h; path = lib/SGColors.h; sourceTree = "<group>"; };
		94FA07551325CFA20066F30C /* SGColors.m */ = {isa = PBXFileReference; fileEncoding = 4; lastKnownFileType = sourcecode.c.objc; name = SGColors.m; path = lib/SGColors.m; sourceTree = "<group>"; };
		94FA07561325CFA20066F30C /* SGDirectionAngles.h */ = {isa = PBXFileReference; fileEncoding = 4; lastKnownFileType = sourcecode.c.h; name = SGDirectionAngles.h; path = lib/SGDirectionAngles.h; sourceTree = "<group>"; };
		94FA07571325CFA20066F30C /* SGDirectionAngles.m */ = {isa = PBXFileReference; fileEncoding = 4; lastKnownFileType = sourcecode.c.objc; name = SGDirectionAngles.m; path = lib/SGDirectionAngles.m; sourceTree = "<group>"; };
		94FA07581325CFA20066F30C /* SGFont.h */ = {isa = PBXFileReference; fileEncoding = 4; lastKnownFileType = sourcecode.c.h; name = SGFont.h; path = lib/SGFont.h; sourceTree = "<group>"; };
		94FA07591325CFA20066F30C /* SGFont.m */ = {isa = PBXFileReference; fileEncoding = 4; lastKnownFileType = sourcecode.c.objc; name = SGFont.m; path = lib/SGFont.m; sourceTree = "<group>"; };
		94FA075A1325CFA20066F30C /* SGGeometry.h */ = {isa = PBXFileReference; fileEncoding = 4; lastKnownFileType = sourcecode.c.h; name = SGGeometry.h; path = lib/SGGeometry.h; sourceTree = "<group>"; };
		94FA075B1325CFA20066F30C /* SGGeometry.m */ = {isa = PBXFileReference; fileEncoding = 4; lastKnownFileType = sourcecode.c.objc; name = SGGeometry.m; path = lib/SGGeometry.m; sourceTree = "<group>"; };
		94FA075C1325CFA20066F30C /* SGGraphics.h */ = {isa = PBXFileReference; fileEncoding = 4; lastKnownFileType = sourcecode.c.h; name = SGGraphics.h; path = lib/SGGraphics.h; sourceTree = "<group>"; };
		94FA075D1325CFA20066F30C /* SGGraphics.m */ = {isa = PBXFileReference; fileEncoding = 4; lastKnownFileType = sourcecode.c.objc; name = SGGraphics.m; path = lib/SGGraphics.m; sourceTree = "<group>"; };
		94FA075E1325CFA20066F30C /* SGImages.h */ = {isa = PBXFileReference; fileEncoding = 4; lastKnownFileType = sourcecode.c.h; name = SGImages.h; path = lib/SGImages.h; sourceTree = "<group>"; };
		94FA075F1325CFA20066F30C /* SGImages.m */ = {isa = PBXFileReference; fileEncoding = 4; lastKnownFileType = sourcecode.c.objc; name = SGImages.m; path = lib/SGImages.m; sourceTree = "<group>"; };
		94FA07601325CFA20066F30C /* SGInput.h */ = {isa = PBXFileReference; fileEncoding = 4; lastKnownFileType = sourcecode.c.h; name = SGInput.h; path = lib/SGInput.h; sourceTree = "<group>"; };
		94FA07611325CFA20066F30C /* SGInput.m */ = {isa = PBXFileReference; fileEncoding = 4; lastKnownFileType = sourcecode.c.objc; name = SGInput.m; path = lib/SGInput.m; sourceTree = "<group>"; };
		94FA07621325CFA20066F30C /* SGLineSegment.h */ = {isa = PBXFileReference; fileEncoding = 4; lastKnownFileType = sourcecode.c.h; name = SGLineSegment.h; path = lib/SGLineSegment.h; sourceTree = "<group>"; };
		94FA07631325CFA20066F30C /* SGLineSegment.m */ = {isa = PBXFileReference; fileEncoding = 4; lastKnownFileType = sourcecode.c.objc; name = SGLineSegment.m; path = lib/SGLineSegment.m; sourceTree = "<group>"; };
		94FA07641325CFA20066F30C /* SGMatrix2D.h */ = {isa = PBXFileReference; fileEncoding = 4; lastKnownFileType = sourcecode.c.h; name = SGMatrix2D.h; path = lib/SGMatrix2D.h; sourceTree = "<group>"; };
		94FA07651325CFA20066F30C /* SGMatrix2D.m */ = {isa = PBXFileReference; fileEncoding = 4; lastKnownFileType = sourcecode.c.objc; name = SGMatrix2D.m; path = lib/SGMatrix2D.m; sourceTree = "<group>"; };
		94FA07661325CFA20066F30C /* SGMusic.h */ = {isa = PBXFileReference; fileEncoding = 4; lastKnownFileType = sourcecode.c.h; name = SGMusic.h; path = lib/SGMusic.h; sourceTree = "<group>"; };
		94FA07671325CFA20066F30C /* SGMusic.m */ = {isa = PBXFileReference; fileEncoding = 4; lastKnownFileType = sourcecode.c.objc; name = SGMusic.m; path = lib/SGMusic.m; sourceTree = "<group>"; };
		94FA07681325CFA20066F30C /* SGObjcUtils.h */ = {isa = PBXFileReference; fileEncoding = 4; lastKnownFileType = sourcecode.c.h; name = SGObjcUtils.h; path = lib/SGObjcUtils.h; sourceTree = "<group>"; };
		94FA07691325CFA20066F30C /* SGObjcUtils.m */ = {isa = PBXFileReference; fileEncoding = 4; lastKnownFileType = sourcecode.c.objc; name = SGObjcUtils.m; path = lib/SGObjcUtils.m; sourceTree = "<group>"; };
		94FA076A1325CFA20066F30C /* SGPhysics.h */ = {isa = PBXFileReference; fileEncoding = 4; lastKnownFileType = sourcecode.c.h; name = SGPhysics.h; path = lib/SGPhysics.h; sourceTree = "<group>"; };
		94FA076B1325CFA20066F30C /* SGPhysics.m */ = {isa = PBXFileReference; fileEncoding = 4; lastKnownFileType = sourcecode.c.objc; name = SGPhysics.m; path = lib/SGPhysics.m; sourceTree = "<group>"; };
		94FA076C1325CFA20066F30C /* SGPoint2D.h */ = {isa = PBXFileReference; fileEncoding = 4; lastKnownFileType = sourcecode.c.h; name = SGPoint2D.h; path = lib/SGPoint2D.h; sourceTree = "<group>"; };
		94FA076D1325CFA20066F30C /* SGPoint2D.m */ = {isa = PBXFileReference; fileEncoding = 4; lastKnownFileType = sourcecode.c.objc; name = SGPoint2D.m; path = lib/SGPoint2D.m; sourceTree = "<group>"; };
		94FA076E1325CFA20066F30C /* SGRectangle.h */ = {isa = PBXFileReference; fileEncoding = 4; lastKnownFileType = sourcecode.c.h; name = SGRectangle.h; path = lib/SGRectangle.h; sourceTree = "<group>"; };
		94FA076F1325CFA20066F30C /* SGRectangle.m */ = {isa = PBXFileReference; fileEncoding = 4; lastKnownFileType = sourcecode.c.objc; name = SGRectangle.m; path = lib/SGRectangle.m; sourceTree = "<group>"; };
		94FA07701325CFA20066F30C /* SGResources.h */ = {isa = PBXFileReference; fileEncoding = 4; lastKnownFileType = sourcecode.c.h; name = SGResources.h; path = lib/SGResources.h; sourceTree = "<group>"; };
		94FA07711325CFA20066F30C /* SGResources.m */ = {isa = PBXFileReference; fileEncoding = 4; lastKnownFileType = sourcecode.c.objc; name = SGResources.m; path = lib/SGResources.m; sourceTree = "<group>"; };
		94FA07721325CFA20066F30C /* SGSDK.c */ = {isa = PBXFileReference; fileEncoding = 4; lastKnownFileType = sourcecode.c.c; name = SGSDK.c; path = lib/SGSDK.c; sourceTree = "<group>"; };
		94FA07731325CFA20066F30C /* SGSDK.h */ = {isa = PBXFileReference; fileEncoding = 4; lastKnownFileType = sourcecode.c.h; name = SGSDK.h; path = lib/SGSDK.h; sourceTree = "<group>"; };
		94FA07781325CFA20066F30C /* SGSoundEffect.h */ = {isa = PBXFileReference; fileEncoding = 4; lastKnownFileType = sourcecode.c.h; name = SGSoundEffect.h; path = lib/SGSoundEffect.h; sourceTree = "<group>"; };
		94FA07791325CFA20066F30C /* SGSoundEffect.m */ = {isa = PBXFileReference; fileEncoding = 4; lastKnownFileType = sourcecode.c.objc; name = SGSoundEffect.m; path = lib/SGSoundEffect.m; sourceTree = "<group>"; };
		94FA077A1325CFA20066F30C /* SGSprite.h */ = {isa = PBXFileReference; fileEncoding = 4; lastKnownFileType = sourcecode.c.h; name = SGSprite.h; path = lib/SGSprite.h; sourceTree = "<group>"; };
		94FA077B1325CFA20066F30C /* SGSprite.m */ = {isa = PBXFileReference; fileEncoding = 4; lastKnownFileType = sourcecode.c.objc; name = SGSprite.m; path = lib/SGSprite.m; sourceTree = "<group>"; };
		94FA077C1325CFA20066F30C /* SGSprites.h */ = {isa = PBXFileReference; fileEncoding = 4; lastKnownFileType = sourcecode.c.h; name = SGSprites.h; path = lib/SGSprites.h; sourceTree = "<group>"; };
		94FA077D1325CFA20066F30C /* SGSprites.m */ = {isa = PBXFileReference; fileEncoding = 4; lastKnownFileType = sourcecode.c.objc; name = SGSprites.m; path = lib/SGSprites.m; sourceTree = "<group>"; };
		94FA077E1325CFA20066F30C /* SGText.h */ = {isa = PBXFileReference; fileEncoding = 4; lastKnownFileType = sourcecode.c.h; name = SGText.h; path = lib/SGText.h; sourceTree = "<group>"; };
		94FA077F1325CFA20066F30C /* SGText.m */ = {isa = PBXFileReference; fileEncoding = 4; lastKnownFileType = sourcecode.c.objc; name = SGText.m; path = lib/SGText.m; sourceTree = "<group>"; };
		94FA07801325CFA20066F30C /* SGTimer.h */ = {isa = PBXFileReference; fileEncoding = 4; lastKnownFileType = sourcecode.c.h; name = SGTimer.h; path = lib/SGTimer.h; sourceTree = "<group>"; };
		94FA07811325CFA20066F30C /* SGTimer.m */ = {isa = PBXFileReference; fileEncoding = 4; lastKnownFileType = sourcecode.c.objc; name = SGTimer.m; path = lib/SGTimer.m; sourceTree = "<group>"; };
		94FA07821325CFA20066F30C /* SGTimers.h */ = {isa = PBXFileReference; fileEncoding = 4; lastKnownFileType = sourcecode.c.h; name = SGTimers.h; path = lib/SGTimers.h; sourceTree = "<group>"; };
		94FA07831325CFA20066F30C /* SGTimers.m */ = {isa = PBXFileReference; fileEncoding = 4; lastKnownFileType = sourcecode.c.objc; name = SGTimers.m; path = lib/SGTimers.m; sourceTree = "<group>"; };
		94FA07841325CFA20066F30C /* SGTriangle.h */ = {isa = PBXFileReference; fileEncoding = 4; lastKnownFileType = sourcecode.c.h; name = SGTriangle.h; path = lib/SGTriangle.h; sourceTree = "<group>"; };
		94FA07851325CFA20066F30C /* SGTriangle.m */ = {isa = PBXFileReference; fileEncoding = 4; lastKnownFileType = sourcecode.c.objc; name = SGTriangle.m; path = lib/SGTriangle.m; sourceTree = "<group>"; };
		94FA07861325CFA20066F30C /* SGTypes.h */ = {isa = PBXFileReference; fileEncoding = 4; lastKnownFileType = sourcecode.c.h; name = SGTypes.h; path = lib/SGTypes.h; sourceTree = "<group>"; };
		94FA07871325CFA20066F30C /* SGUtils.h */ = {isa = PBXFileReference; fileEncoding = 4; lastKnownFileType = sourcecode.c.h; name = SGUtils.h; path = lib/SGUtils.h; sourceTree = "<group>"; };
		94FA07881325CFA20066F30C /* SGUtils.m */ = {isa = PBXFileReference; fileEncoding = 4; lastKnownFileType = sourcecode.c.objc; name = SGUtils.m; path = lib/SGUtils.m; sourceTree = "<group>"; };
		94FA07891325CFA20066F30C /* SGVector.h */ = {isa = PBXFileReference; fileEncoding = 4; lastKnownFileType = sourcecode.c.h; name = SGVector.h; path = lib/SGVector.h; sourceTree = "<group>"; };
		94FA078A1325CFA20066F30C /* SGVector.m */ = {isa = PBXFileReference; fileEncoding = 4; lastKnownFileType = sourcecode.c.objc; name = SGVector.m; path = lib/SGVector.m; sourceTree = "<group>"; };
		94FA078B1325CFA20066F30C /* Sprites.c */ = {isa = PBXFileReference; fileEncoding = 4; lastKnownFileType = sourcecode.c.c; name = Sprites.c; path = lib/Sprites.c; sourceTree = "<group>"; };
		94FA078C1325CFA20066F30C /* Sprites.h */ = {isa = PBXFileReference; fileEncoding = 4; lastKnownFileType = sourcecode.c.h; name = Sprites.h; path = lib/Sprites.h; sourceTree = "<group>"; };
		94FA078D1325CFA20066F30C /* SwinGame.h */ = {isa = PBXFileReference; fileEncoding = 4; lastKnownFileType = sourcecode.c.h; name = SwinGame.h; path = lib/SwinGame.h; sourceTree = "<group>"; };
		94FA078E1325CFA20066F30C /* Text.c */ = {isa = PBXFileReference; fileEncoding = 4; lastKnownFileType = sourcecode.c.c; name = Text.c; path = lib/Text.c; sourceTree = "<group>"; };
		94FA078F1325CFA20066F30C /* Text.h */ = {isa = PBXFileReference; fileEncoding = 4; lastKnownFileType = sourcecode.c.h; name = Text.h; path = lib/Text.h; sourceTree = "<group>"; };
		94FA07901325CFA20066F30C /* Timers.c */ = {isa = PBXFileReference; fileEncoding = 4; lastKnownFileType = sourcecode.c.c; name = Timers.c; path = lib/Timers.c; sourceTree = "<group>"; };
		94FA07911325CFA20066F30C /* Timers.h */ = {isa = PBXFileReference; fileEncoding = 4; lastKnownFileType = sourcecode.c.h; name = Timers.h; path = lib/Timers.h; sourceTree = "<group>"; };
		94FA07921325CFA20066F30C /* Types.h */ = {isa = PBXFileReference; fileEncoding = 4; lastKnownFileType = sourcecode.c.h; name = Types.h; path = lib/Types.h; sourceTree = "<group>"; };
		94FA07931325CFA20066F30C /* Utils.c */ = {isa = PBXFileReference; fileEncoding = 4; lastKnownFileType = sourcecode.c.c; name = Utils.c; path = lib/Utils.c; sourceTree = "<group>"; };
		94FA07941325CFA20066F30C /* Utils.h */ = {isa = PBXFileReference; fileEncoding = 4; lastKnownFileType = sourcecode.c.h; name = Utils.h; path = lib/Utils.h; sourceTree = "<group>"; };
		B023586D13EE679E005F7D9B /* Face.h */ = {isa = PBXFileReference; fileEncoding = 4; lastKnownFileType = sourcecode.c.h; name = Face.h; path = ../Face.h; sourceTree = "<group>"; };
		B023586E13EE679E005F7D9B /* Face.m */ = {isa = PBXFileReference; fileEncoding = 4; lastKnownFileType = sourcecode.c.objc; name = Face.m; path = ../Face.m; sourceTree = "<group>"; };
		B0BA538713DE53BF00582BCF /* Shapes.h */ = {isa = PBXFileReference; fileEncoding = 4; lastKnownFileType = sourcecode.c.h; name = Shapes.h; path = ../Shapes.h; sourceTree = "<group>"; };
		B0BA538813DE53BF00582BCF /* Shapes.m */ = {isa = PBXFileReference; fileEncoding = 4; lastKnownFileType = sourcecode.c.objc; name = Shapes.m; path = ../Shapes.m; sourceTree = "<group>"; };
		B0E6C7B013F14676002415D0 /* Myshape.h */ = {isa = PBXFileReference; fileEncoding = 4; lastKnownFileType = sourcecode.c.h; path = Myshape.h; sourceTree = "<group>"; };
		B0E6C7B113F14676002415D0 /* Myshape.m */ = {isa = PBXFileReference; fileEncoding = 4; lastKnownFileType = sourcecode.c.objc; path = Myshape.m; sourceTree = "<group>"; };
/* End PBXFileReference section */

/* Begin PBXFrameworksBuildPhase section */
		8D11072E0486CEB800E47090 /* Frameworks */ = {
			isa = PBXFrameworksBuildPhase;
			buildActionMask = 2147483647;
			files = (
				9424DA6F101EC34F00E5B4BA /* Foundation.framework in Frameworks */,
				8D11072F0486CEB800E47090 /* Cocoa.framework in Frameworks */,
				9424DA41101EC2AB00E5B4BA /* SDL.framework in Frameworks */,
				9424DA42101EC2AB00E5B4BA /* SDL_gfx.framework in Frameworks */,
				9424DA43101EC2AB00E5B4BA /* SDL_image.framework in Frameworks */,
				9424DA44101EC2AB00E5B4BA /* SDL_mixer.framework in Frameworks */,
				9424DA45101EC2AB00E5B4BA /* SDL_ttf.framework in Frameworks */,
				9424DA59101EC2AB00E5B4BA /* SGSDK.framework in Frameworks */,
				94FA05FA1325CEAE0066F30C /* libpng.framework in Frameworks */,
			);
			runOnlyForDeploymentPostprocessing = 0;
		};
/* End PBXFrameworksBuildPhase section */

/* Begin PBXGroup section */
		080E96DDFE201D6D7F000001 /* Classes */ = {
			isa = PBXGroup;
			children = (
				B0E6C7B013F14676002415D0 /* Myshape.h */,
				B0E6C7B113F14676002415D0 /* Myshape.m */,
				B0BA538713DE53BF00582BCF /* Shapes.h */,
				B0BA538813DE53BF00582BCF /* Shapes.m */,
				B023586D13EE679E005F7D9B /* Face.h */,
				B023586E13EE679E005F7D9B /* Face.m */,
			);
			name = Classes;
			path = src;
			sourceTree = "<group>";
		};
		1058C7A0FEA54F0111CA2CBB /* SwinGame Code */ = {
			isa = PBXGroup;
			children = (
				94FA07281325CFA10066F30C /* Animations.c */,
				94FA07291325CFA10066F30C /* Animations.h */,
				94FA072A1325CFA10066F30C /* Audio.c */,
				94FA072B1325CFA10066F30C /* Audio.h */,
				94FA072C1325CFA10066F30C /* Camera.c */,
				94FA072D1325CFA10066F30C /* Camera.h */,
				94FA072E1325CFA10066F30C /* Characters.c */,
				94FA072F1325CFA10066F30C /* Characters.h */,
				94FA07301325CFA10066F30C /* Colors.c */,
				94FA07311325CFA10066F30C /* Colors.h */,
				94FA07321325CFA10066F30C /* Geometry.c */,
				94FA07331325CFA20066F30C /* Geometry.h */,
				94FA07341325CFA20066F30C /* Graphics.c */,
				94FA07351325CFA20066F30C /* Graphics.h */,
				94FA07361325CFA20066F30C /* Images.c */,
				94FA07371325CFA20066F30C /* Images.h */,
				94FA07381325CFA20066F30C /* Input.c */,
				94FA07391325CFA20066F30C /* Input.h */,
				94FA073A1325CFA20066F30C /* Physics.c */,
				94FA073B1325CFA20066F30C /* Physics.h */,
				94FA073C1325CFA20066F30C /* PointerManager.h */,
				94FA073D1325CFA20066F30C /* PointerManager.m */,
				94FA073E1325CFA20066F30C /* Resources.c */,
				94FA073F1325CFA20066F30C /* Resources.h */,
				94FA07401325CFA20066F30C /* SGAnimation.h */,
				94FA07411325CFA20066F30C /* SGAnimation.m */,
				94FA07421325CFA20066F30C /* SGAnimations.h */,
				94FA07431325CFA20066F30C /* SGAnimations.m */,
				94FA07441325CFA20066F30C /* SGAnimationScript.h */,
				94FA07451325CFA20066F30C /* SGAnimationScript.m */,
				94FA07461325CFA20066F30C /* SGAudio.h */,
				94FA07471325CFA20066F30C /* SGAudio.m */,
				94FA07481325CFA20066F30C /* SGBitmap.h */,
				94FA07491325CFA20066F30C /* SGBitmap.m */,
				94FA074A1325CFA20066F30C /* SGBitmapCell.h */,
				94FA074B1325CFA20066F30C /* SGBitmapCell.m */,
				94FA074C1325CFA20066F30C /* SGCamera.h */,
				94FA074D1325CFA20066F30C /* SGCamera.m */,
				94FA074E1325CFA20066F30C /* SGCharacter.h */,
				94FA074F1325CFA20066F30C /* SGCharacter.m */,
				94FA07501325CFA20066F30C /* SGCharacters.h */,
				94FA07511325CFA20066F30C /* SGCharacters.m */,
				94FA07521325CFA20066F30C /* SGCircle.h */,
				94FA07531325CFA20066F30C /* SGCircle.m */,
				94FA07541325CFA20066F30C /* SGColors.h */,
				94FA07551325CFA20066F30C /* SGColors.m */,
				94FA07561325CFA20066F30C /* SGDirectionAngles.h */,
				94FA07571325CFA20066F30C /* SGDirectionAngles.m */,
				94FA07581325CFA20066F30C /* SGFont.h */,
				94FA07591325CFA20066F30C /* SGFont.m */,
				94FA075A1325CFA20066F30C /* SGGeometry.h */,
				94FA075B1325CFA20066F30C /* SGGeometry.m */,
				94FA075C1325CFA20066F30C /* SGGraphics.h */,
				94FA075D1325CFA20066F30C /* SGGraphics.m */,
				94FA075E1325CFA20066F30C /* SGImages.h */,
				94FA075F1325CFA20066F30C /* SGImages.m */,
				94FA07601325CFA20066F30C /* SGInput.h */,
				94FA07611325CFA20066F30C /* SGInput.m */,
				94FA07621325CFA20066F30C /* SGLineSegment.h */,
				94FA07631325CFA20066F30C /* SGLineSegment.m */,
				94FA07641325CFA20066F30C /* SGMatrix2D.h */,
				94FA07651325CFA20066F30C /* SGMatrix2D.m */,
				94FA07661325CFA20066F30C /* SGMusic.h */,
				94FA07671325CFA20066F30C /* SGMusic.m */,
				94FA07681325CFA20066F30C /* SGObjcUtils.h */,
				94FA07691325CFA20066F30C /* SGObjcUtils.m */,
				94FA076A1325CFA20066F30C /* SGPhysics.h */,
				94FA076B1325CFA20066F30C /* SGPhysics.m */,
				94FA076C1325CFA20066F30C /* SGPoint2D.h */,
				94FA076D1325CFA20066F30C /* SGPoint2D.m */,
				94FA076E1325CFA20066F30C /* SGRectangle.h */,
				94FA076F1325CFA20066F30C /* SGRectangle.m */,
				94FA07701325CFA20066F30C /* SGResources.h */,
				94FA07711325CFA20066F30C /* SGResources.m */,
				94FA07721325CFA20066F30C /* SGSDK.c */,
				94FA07731325CFA20066F30C /* SGSDK.h */,
				94FA07781325CFA20066F30C /* SGSoundEffect.h */,
				94FA07791325CFA20066F30C /* SGSoundEffect.m */,
				94FA077A1325CFA20066F30C /* SGSprite.h */,
				94FA077B1325CFA20066F30C /* SGSprite.m */,
				94FA077C1325CFA20066F30C /* SGSprites.h */,
				94FA077D1325CFA20066F30C /* SGSprites.m */,
				94FA077E1325CFA20066F30C /* SGText.h */,
				94FA077F1325CFA20066F30C /* SGText.m */,
				94FA07801325CFA20066F30C /* SGTimer.h */,
				94FA07811325CFA20066F30C /* SGTimer.m */,
				94FA07821325CFA20066F30C /* SGTimers.h */,
				94FA07831325CFA20066F30C /* SGTimers.m */,
				94FA07841325CFA20066F30C /* SGTriangle.h */,
				94FA07851325CFA20066F30C /* SGTriangle.m */,
				94FA07861325CFA20066F30C /* SGTypes.h */,
				94FA07871325CFA20066F30C /* SGUtils.h */,
				94FA07881325CFA20066F30C /* SGUtils.m */,
				94FA07891325CFA20066F30C /* SGVector.h */,
				94FA078A1325CFA20066F30C /* SGVector.m */,
				94FA078B1325CFA20066F30C /* Sprites.c */,
				94FA078C1325CFA20066F30C /* Sprites.h */,
				94FA078D1325CFA20066F30C /* SwinGame.h */,
				94FA078E1325CFA20066F30C /* Text.c */,
				94FA078F1325CFA20066F30C /* Text.h */,
				94FA07901325CFA20066F30C /* Timers.c */,
				94FA07911325CFA20066F30C /* Timers.h */,
				94FA07921325CFA20066F30C /* Types.h */,
				94FA07931325CFA20066F30C /* Utils.c */,
				94FA07941325CFA20066F30C /* Utils.h */,
			);
			name = "SwinGame Code";
			sourceTree = "<group>";
		};
		19C28FACFE9D520D11CA2CBB /* Products */ = {
			isa = PBXGroup;
			children = (
				8D1107320486CEB800E47090 /* MyGame.app */,
			);
			name = Products;
			sourceTree = "<group>";
		};
		29B97314FDCFA39411CA2CEA /* MyGame */ = {
			isa = PBXGroup;
			children = (
				080E96DDFE201D6D7F000001 /* Classes */,
				29B97315FDCFA39411CA2CEA /* Other Sources */,
				29B97323FDCFA39411CA2CEA /* Libraries and Frameworks */,
				19C28FACFE9D520D11CA2CBB /* Products */,
			);
			name = MyGame;
			sourceTree = "<group>";
		};
		29B97315FDCFA39411CA2CEA /* Other Sources */ = {
			isa = PBXGroup;
			children = (
				94F1F567101EC46F006F3D32 /* main.m */,
			);
			name = "Other Sources";
			sourceTree = "<group>";
		};
		29B97323FDCFA39411CA2CEA /* Libraries and Frameworks */ = {
			isa = PBXGroup;
			children = (
				1058C7A0FEA54F0111CA2CBB /* SwinGame Code */,
				9424DA1A101EC2AB00E5B4BA /* SGSDK.framework */,
				9424D9F0101EC2AB00E5B4BA /* SDL_gfx.framework */,
				9424D9EF101EC2AB00E5B4BA /* SDL.framework */,
				9424D9F1101EC2AB00E5B4BA /* SDL_image.framework */,
				9424D9F2101EC2AB00E5B4BA /* SDL_mixer.framework */,
				9424D9F3101EC2AB00E5B4BA /* SDL_ttf.framework */,
				94FA05F91325CEAE0066F30C /* libpng.framework */,
				1058C7A1FEA54F0111CA2CBB /* Cocoa.framework */,
				29B97325FDCFA39411CA2CEA /* Foundation.framework */,
			);
			name = "Libraries and Frameworks";
			sourceTree = "<group>";
		};
/* End PBXGroup section */

/* Begin PBXNativeTarget section */
		8D1107260486CEB800E47090 /* TestObjC */ = {
			isa = PBXNativeTarget;
			buildConfigurationList = C01FCF4A08A954540054247B /* Build configuration list for PBXNativeTarget "TestObjC" */;
			buildPhases = (
				8D11072C0486CEB800E47090 /* Sources */,
				8D11072E0486CEB800E47090 /* Frameworks */,
				9424DA6E101EC33A00E5B4BA /* Copy Frameworks */,
				9424DA73101EC39800E5B4BA /* Copy Resources */,
			);
			buildRules = (
			);
			dependencies = (
			);
			name = TestObjC;
			productInstallPath = "$(HOME)/Applications";
			productName = MyGame;
			productReference = 8D1107320486CEB800E47090 /* MyGame.app */;
			productType = "com.apple.product-type.application";
		};
/* End PBXNativeTarget section */

/* Begin PBXProject section */
		29B97313FDCFA39411CA2CEA /* Project object */ = {
			isa = PBXProject;
			buildConfigurationList = C01FCF4E08A954540054247B /* Build configuration list for PBXProject "MyGame" */;
			compatibilityVersion = "Xcode 3.1";
			developmentRegion = English;
			hasScannedForEncodings = 1;
			knownRegions = (
				en,
			);
			mainGroup = 29B97314FDCFA39411CA2CEA /* MyGame */;
			projectDirPath = "";
			projectRoot = "";
			targets = (
				8D1107260486CEB800E47090 /* TestObjC */,
			);
		};
/* End PBXProject section */

/* Begin PBXShellScriptBuildPhase section */
		9424DA73101EC39800E5B4BA /* Copy Resources */ = {
			isa = PBXShellScriptBuildPhase;
			buildActionMask = 2147483647;
			files = (
			);
			inputPaths = (
			);
			name = "Copy Resources";
			outputPaths = (
			);
			runOnlyForDeploymentPostprocessing = 0;
			shellPath = /bin/sh;
			shellScript = "copyWithoutSVN()\n{\n    FROM_DIR=$1\n    TO_DIR=$2\n    \n    cd \"${FROM_DIR}\"\n    \n    # Create directory structure\n    find . -mindepth 1 -type d ! -path \\*.svn\\* -exec sh -c \"if [ ! -d '${TO_DIR}/{}' ]; then mkdir -p '${TO_DIR}/{}' ; fi\" \\;\n    # Copy files and links\n    find . ! -path \\*.svn\\* ! -name \\*.DS_Store ! -type d -exec cp -R -p {} \"${TO_DIR}/{}\"  \\;\n}\n\nRESOURCE_DIR=\"${TARGET_BUILD_DIR}/${PRODUCT_NAME}.app/Contents/Resources\"\ncopyWithoutSVN \"${SRCROOT}/Resources\" \"${RESOURCE_DIR}\"\n\n\n";
		};
/* End PBXShellScriptBuildPhase section */

/* Begin PBXSourcesBuildPhase section */
		8D11072C0486CEB800E47090 /* Sources */ = {
			isa = PBXSourcesBuildPhase;
			buildActionMask = 2147483647;
			files = (
				94F1F568101EC46F006F3D32 /* main.m in Sources */,
				94FA07951325CFA20066F30C /* Animations.c in Sources */,
				94FA07961325CFA20066F30C /* Audio.c in Sources */,
				94FA07971325CFA20066F30C /* Camera.c in Sources */,
				94FA07981325CFA20066F30C /* Characters.c in Sources */,
				94FA07991325CFA20066F30C /* Colors.c in Sources */,
				94FA079A1325CFA20066F30C /* Geometry.c in Sources */,
				94FA079B1325CFA20066F30C /* Graphics.c in Sources */,
				94FA079C1325CFA20066F30C /* Images.c in Sources */,
				94FA079D1325CFA20066F30C /* Input.c in Sources */,
				94FA079E1325CFA20066F30C /* Physics.c in Sources */,
				94FA079F1325CFA20066F30C /* PointerManager.m in Sources */,
				94FA07A01325CFA20066F30C /* Resources.c in Sources */,
				94FA07A11325CFA20066F30C /* SGAnimation.m in Sources */,
				94FA07A21325CFA20066F30C /* SGAnimations.m in Sources */,
				94FA07A31325CFA20066F30C /* SGAnimationScript.m in Sources */,
				94FA07A41325CFA20066F30C /* SGAudio.m in Sources */,
				94FA07A51325CFA20066F30C /* SGBitmap.m in Sources */,
				94FA07A61325CFA20066F30C /* SGBitmapCell.m in Sources */,
				94FA07A71325CFA20066F30C /* SGCamera.m in Sources */,
				94FA07A81325CFA20066F30C /* SGCharacter.m in Sources */,
				94FA07A91325CFA20066F30C /* SGCharacters.m in Sources */,
				94FA07AA1325CFA20066F30C /* SGCircle.m in Sources */,
				94FA07AB1325CFA20066F30C /* SGColors.m in Sources */,
				94FA07AC1325CFA20066F30C /* SGDirectionAngles.m in Sources */,
				94FA07AD1325CFA20066F30C /* SGFont.m in Sources */,
				94FA07AE1325CFA20066F30C /* SGGeometry.m in Sources */,
				94FA07AF1325CFA20066F30C /* SGGraphics.m in Sources */,
				94FA07B01325CFA20066F30C /* SGImages.m in Sources */,
				94FA07B11325CFA20066F30C /* SGInput.m in Sources */,
				94FA07B21325CFA20066F30C /* SGLineSegment.m in Sources */,
				94FA07B31325CFA20066F30C /* SGMatrix2D.m in Sources */,
				94FA07B41325CFA20066F30C /* SGMusic.m in Sources */,
				94FA07B51325CFA20066F30C /* SGObjcUtils.m in Sources */,
				94FA07B61325CFA20066F30C /* SGPhysics.m in Sources */,
				94FA07B71325CFA20066F30C /* SGPoint2D.m in Sources */,
				94FA07B81325CFA20066F30C /* SGRectangle.m in Sources */,
				94FA07B91325CFA20066F30C /* SGResources.m in Sources */,
				94FA07BA1325CFA20066F30C /* SGSDK.c in Sources */,
				94FA07BD1325CFA20066F30C /* SGSoundEffect.m in Sources */,
				94FA07BE1325CFA20066F30C /* SGSprite.m in Sources */,
				94FA07BF1325CFA20066F30C /* SGSprites.m in Sources */,
				94FA07C01325CFA20066F30C /* SGText.m in Sources */,
				94FA07C11325CFA20066F30C /* SGTimer.m in Sources */,
				94FA07C21325CFA20066F30C /* SGTimers.m in Sources */,
				94FA07C31325CFA20066F30C /* SGTriangle.m in Sources */,
				94FA07C41325CFA20066F30C /* SGUtils.m in Sources */,
				94FA07C51325CFA20066F30C /* SGVector.m in Sources */,
				94FA07C61325CFA20066F30C /* Sprites.c in Sources */,
				94FA07C71325CFA20066F30C /* Text.c in Sources */,
				94FA07C81325CFA20066F30C /* Timers.c in Sources */,
				94FA07C91325CFA20066F30C /* Utils.c in Sources */,
				B0BA538913DE53BF00582BCF /* Shapes.m in Sources */,
				B023586F13EE679E005F7D9B /* Face.m in Sources */,
				B0E6C7B213F14676002415D0 /* Myshape.m in Sources */,
			);
			runOnlyForDeploymentPostprocessing = 0;
		};
/* End PBXSourcesBuildPhase section */

/* Begin XCBuildConfiguration section */
		C01FCF4B08A954540054247B /* Debug */ = {
			isa = XCBuildConfiguration;
			buildSettings = {
				ALWAYS_SEARCH_USER_PATHS = NO;
				COPY_PHASE_STRIP = NO;
				FRAMEWORK_SEARCH_PATHS = (
					"$(inherited)",
					"\"$(SRCROOT)/lib\"",
				);
				GCC_DYNAMIC_NO_PIC = NO;
				GCC_ENABLE_FIX_AND_CONTINUE = YES;
				GCC_MODEL_TUNING = G5;
				GCC_OPTIMIZATION_LEVEL = 0;
				GCC_PRECOMPILE_PREFIX_HEADER = NO;
				INFOPLIST_FILE = Info.plist;
				INSTALL_PATH = "$(HOME)/Applications";
				PRODUCT_NAME = "$(PROJECT_NAME)";
				SDKROOT = "";
			};
			name = Debug;
		};
		C01FCF4C08A954540054247B /* Release */ = {
			isa = XCBuildConfiguration;
			buildSettings = {
				ALWAYS_SEARCH_USER_PATHS = NO;
				DEBUG_INFORMATION_FORMAT = "dwarf-with-dsym";
				FRAMEWORK_SEARCH_PATHS = (
					"$(inherited)",
					"\"$(SRCROOT)/lib\"",
				);
				GCC_MODEL_TUNING = G5;
				GCC_PRECOMPILE_PREFIX_HEADER = YES;
				GCC_PREFIX_HEADER = MyGame_Prefix.pch;
				INFOPLIST_FILE = Info.plist;
				INSTALL_PATH = "$(HOME)/Applications";
				PRODUCT_NAME = MyGame;
			};
			name = Release;
		};
		C01FCF4F08A954540054247B /* Debug */ = {
			isa = XCBuildConfiguration;
			buildSettings = {
				ARCHS = "$(ARCHS_STANDARD_32_BIT)";
				GCC_C_LANGUAGE_STANDARD = c99;
				GCC_OPTIMIZATION_LEVEL = 0;
				GCC_WARN_ABOUT_RETURN_TYPE = YES;
				GCC_WARN_UNUSED_VARIABLE = YES;
				ONLY_ACTIVE_ARCH = YES;
				PREBINDING = NO;
				SDKROOT = "";
			};
			name = Debug;
		};
		C01FCF5008A954540054247B /* Release */ = {
			isa = XCBuildConfiguration;
			buildSettings = {
				ARCHS = "$(ARCHS_STANDARD_32_BIT)";
				GCC_C_LANGUAGE_STANDARD = c99;
				GCC_WARN_ABOUT_RETURN_TYPE = YES;
				GCC_WARN_UNUSED_VARIABLE = YES;
				PREBINDING = NO;
				SDKROOT = "";
			};
			name = Release;
		};
/* End XCBuildConfiguration section */

/* Begin XCConfigurationList section */
		C01FCF4A08A954540054247B /* Build configuration list for PBXNativeTarget "TestObjC" */ = {
			isa = XCConfigurationList;
			buildConfigurations = (
				C01FCF4B08A954540054247B /* Debug */,
				C01FCF4C08A954540054247B /* Release */,
			);
			defaultConfigurationIsVisible = 0;
			defaultConfigurationName = Release;
		};
		C01FCF4E08A954540054247B /* Build configuration list for PBXProject "MyGame" */ = {
			isa = XCConfigurationList;
			buildConfigurations = (
				C01FCF4F08A954540054247B /* Debug */,
				C01FCF5008A954540054247B /* Release */,
			);
			defaultConfigurationIsVisible = 0;
			defaultConfigurationName = Release;
		};
/* End XCConfigurationList section */
	};
	rootObject = 29B97313FDCFA39411CA2CEA /* Project object */;
}
